// !$*UTF8*$!
{
	archiveVersion = 1;
	classes = {
	};
	objectVersion = 50;
	objects = {

/* Begin PBXBuildFile section */
		06656A6A4AF403C257E95F08 /* Pods_PoloniexTicker.framework in Frameworks */ = {isa = PBXBuildFile; fileRef = 605F2B120358510214A050E8 /* Pods_PoloniexTicker.framework */; };
		294BDBBDA23DBCEA6563D297 /* Pods_PoloniexTickerTests.framework in Frameworks */ = {isa = PBXBuildFile; fileRef = EE8D967B4DBE77DA1C687EB9 /* Pods_PoloniexTickerTests.framework */; };
		AE2D75A9709BEE35243F8B59 /* Pods_PoloniexTickerUITests.framework in Frameworks */ = {isa = PBXBuildFile; fileRef = 765F5C24A0C634DC10D03BCB /* Pods_PoloniexTickerUITests.framework */; };
		F34B03172199F342002760AD /* ATNRegistrationViewController.swift in Sources */ = {isa = PBXBuildFile; fileRef = F34B03162199F342002760AD /* ATNRegistrationViewController.swift */; };
		F34B031A219A02CD002760AD /* AuthenticationServices.framework in Frameworks */ = {isa = PBXBuildFile; fileRef = F34B0319219A02CD002760AD /* AuthenticationServices.framework */; };
		F3CF26F921988F3D00E23A0A /* AppDelegate.swift in Sources */ = {isa = PBXBuildFile; fileRef = F3CF26F821988F3D00E23A0A /* AppDelegate.swift */; };
		F3CF26FB21988F3D00E23A0A /* ATNLoginViewController.swift in Sources */ = {isa = PBXBuildFile; fileRef = F3CF26FA21988F3D00E23A0A /* ATNLoginViewController.swift */; };
		F3CF26FE21988F3D00E23A0A /* Main.storyboard in Resources */ = {isa = PBXBuildFile; fileRef = F3CF26FC21988F3D00E23A0A /* Main.storyboard */; };
		F3CF270121988F3D00E23A0A /* PoloniexTicker.xcdatamodeld in Sources */ = {isa = PBXBuildFile; fileRef = F3CF26FF21988F3D00E23A0A /* PoloniexTicker.xcdatamodeld */; };
		F3CF270321988F4100E23A0A /* Assets.xcassets in Resources */ = {isa = PBXBuildFile; fileRef = F3CF270221988F4100E23A0A /* Assets.xcassets */; };
		F3CF270621988F4100E23A0A /* LaunchScreen.storyboard in Resources */ = {isa = PBXBuildFile; fileRef = F3CF270421988F4100E23A0A /* LaunchScreen.storyboard */; };
		F3CF271121988F4100E23A0A /* PoloniexTickerTests.swift in Sources */ = {isa = PBXBuildFile; fileRef = F3CF271021988F4100E23A0A /* PoloniexTickerTests.swift */; };
		F3CF271C21988F4100E23A0A /* PoloniexTickerUITests.swift in Sources */ = {isa = PBXBuildFile; fileRef = F3CF271B21988F4100E23A0A /* PoloniexTickerUITests.swift */; };
		F3CF272E2198A18200E23A0A /* Tick.swift in Sources */ = {isa = PBXBuildFile; fileRef = F3CF272D2198A18200E23A0A /* Tick.swift */; };
		F3CF27302199C56E00E23A0A /* ATNCurrencyHelper.swift in Sources */ = {isa = PBXBuildFile; fileRef = F3CF272F2199C56E00E23A0A /* ATNCurrencyHelper.swift */; };
		F3CF27332199C57600E23A0A /* ATNTickerTableViewCell.swift in Sources */ = {isa = PBXBuildFile; fileRef = F3CF27322199C57600E23A0A /* ATNTickerTableViewCell.swift */; };
		F3CF27352199C59300E23A0A /* ATNBitPoloniexService.swift in Sources */ = {isa = PBXBuildFile; fileRef = F3CF27342199C59300E23A0A /* ATNBitPoloniexService.swift */; };
		F3CF27382199C5CB00E23A0A /* ATNHomeViewController.swift in Sources */ = {isa = PBXBuildFile; fileRef = F3CF27372199C5CB00E23A0A /* ATNHomeViewController.swift */; };
		F3CF273B2199D61000E23A0A /* ATNTheme.swift in Sources */ = {isa = PBXBuildFile; fileRef = F3CF273A2199D61000E23A0A /* ATNTheme.swift */; };
/* End PBXBuildFile section */

/* Begin PBXContainerItemProxy section */
		F3CF270D21988F4100E23A0A /* PBXContainerItemProxy */ = {
			isa = PBXContainerItemProxy;
			containerPortal = F3CF26ED21988F3D00E23A0A /* Project object */;
			proxyType = 1;
			remoteGlobalIDString = F3CF26F421988F3D00E23A0A;
			remoteInfo = PoloniexTicker;
		};
		F3CF271821988F4100E23A0A /* PBXContainerItemProxy */ = {
			isa = PBXContainerItemProxy;
			containerPortal = F3CF26ED21988F3D00E23A0A /* Project object */;
			proxyType = 1;
			remoteGlobalIDString = F3CF26F421988F3D00E23A0A;
			remoteInfo = PoloniexTicker;
		};
/* End PBXContainerItemProxy section */

/* Begin PBXFileReference section */
		046317D359E6817AE3055D25 /* Pods-PoloniexTicker.debug.xcconfig */ = {isa = PBXFileReference; includeInIndex = 1; lastKnownFileType = text.xcconfig; name = "Pods-PoloniexTicker.debug.xcconfig"; path = "Pods/Target Support Files/Pods-PoloniexTicker/Pods-PoloniexTicker.debug.xcconfig"; sourceTree = "<group>"; };
		0885B608DA233F0512D1CB0D /* Pods-PoloniexTickerUITests.release.xcconfig */ = {isa = PBXFileReference; includeInIndex = 1; lastKnownFileType = text.xcconfig; name = "Pods-PoloniexTickerUITests.release.xcconfig"; path = "Pods/Target Support Files/Pods-PoloniexTickerUITests/Pods-PoloniexTickerUITests.release.xcconfig"; sourceTree = "<group>"; };
		398B857DA46A35DA71DB8FBA /* Pods-PoloniexTickerUITests.debug.xcconfig */ = {isa = PBXFileReference; includeInIndex = 1; lastKnownFileType = text.xcconfig; name = "Pods-PoloniexTickerUITests.debug.xcconfig"; path = "Pods/Target Support Files/Pods-PoloniexTickerUITests/Pods-PoloniexTickerUITests.debug.xcconfig"; sourceTree = "<group>"; };
		5538E0E11362C6A6C85CDB49 /* Pods-PoloniexTickerTests.release.xcconfig */ = {isa = PBXFileReference; includeInIndex = 1; lastKnownFileType = text.xcconfig; name = "Pods-PoloniexTickerTests.release.xcconfig"; path = "Pods/Target Support Files/Pods-PoloniexTickerTests/Pods-PoloniexTickerTests.release.xcconfig"; sourceTree = "<group>"; };
		5A722FFDB9E06E365257A299 /* Pods-PoloniexTickerTests.debug.xcconfig */ = {isa = PBXFileReference; includeInIndex = 1; lastKnownFileType = text.xcconfig; name = "Pods-PoloniexTickerTests.debug.xcconfig"; path = "Pods/Target Support Files/Pods-PoloniexTickerTests/Pods-PoloniexTickerTests.debug.xcconfig"; sourceTree = "<group>"; };
		605F2B120358510214A050E8 /* Pods_PoloniexTicker.framework */ = {isa = PBXFileReference; explicitFileType = wrapper.framework; includeInIndex = 0; path = Pods_PoloniexTicker.framework; sourceTree = BUILT_PRODUCTS_DIR; };
		765F5C24A0C634DC10D03BCB /* Pods_PoloniexTickerUITests.framework */ = {isa = PBXFileReference; explicitFileType = wrapper.framework; includeInIndex = 0; path = Pods_PoloniexTickerUITests.framework; sourceTree = BUILT_PRODUCTS_DIR; };
		BB43CECCDF22B38C2B6AA1E6 /* Pods-PoloniexTicker.release.xcconfig */ = {isa = PBXFileReference; includeInIndex = 1; lastKnownFileType = text.xcconfig; name = "Pods-PoloniexTicker.release.xcconfig"; path = "Pods/Target Support Files/Pods-PoloniexTicker/Pods-PoloniexTicker.release.xcconfig"; sourceTree = "<group>"; };
		EE8D967B4DBE77DA1C687EB9 /* Pods_PoloniexTickerTests.framework */ = {isa = PBXFileReference; explicitFileType = wrapper.framework; includeInIndex = 0; path = Pods_PoloniexTickerTests.framework; sourceTree = BUILT_PRODUCTS_DIR; };
		F34B03162199F342002760AD /* ATNRegistrationViewController.swift */ = {isa = PBXFileReference; lastKnownFileType = sourcecode.swift; path = ATNRegistrationViewController.swift; sourceTree = "<group>"; };
		F34B0318219A025B002760AD /* PoloniexTicker.entitlements */ = {isa = PBXFileReference; lastKnownFileType = text.plist.entitlements; path = PoloniexTicker.entitlements; sourceTree = "<group>"; };
		F34B0319219A02CD002760AD /* AuthenticationServices.framework */ = {isa = PBXFileReference; lastKnownFileType = wrapper.framework; name = AuthenticationServices.framework; path = System/Library/Frameworks/AuthenticationServices.framework; sourceTree = SDKROOT; };
		F3CF26F521988F3D00E23A0A /* PoloniexTicker.app */ = {isa = PBXFileReference; explicitFileType = wrapper.application; includeInIndex = 0; path = PoloniexTicker.app; sourceTree = BUILT_PRODUCTS_DIR; };
		F3CF26F821988F3D00E23A0A /* AppDelegate.swift */ = {isa = PBXFileReference; lastKnownFileType = sourcecode.swift; path = AppDelegate.swift; sourceTree = "<group>"; };
		F3CF26FA21988F3D00E23A0A /* ATNLoginViewController.swift */ = {isa = PBXFileReference; lastKnownFileType = sourcecode.swift; path = ATNLoginViewController.swift; sourceTree = "<group>"; };
		F3CF26FD21988F3D00E23A0A /* Base */ = {isa = PBXFileReference; lastKnownFileType = file.storyboard; name = Base; path = Base.lproj/Main.storyboard; sourceTree = "<group>"; };
		F3CF270021988F3D00E23A0A /* PoloniexTicker.xcdatamodel */ = {isa = PBXFileReference; lastKnownFileType = wrapper.xcdatamodel; path = PoloniexTicker.xcdatamodel; sourceTree = "<group>"; };
		F3CF270221988F4100E23A0A /* Assets.xcassets */ = {isa = PBXFileReference; lastKnownFileType = folder.assetcatalog; path = Assets.xcassets; sourceTree = "<group>"; };
		F3CF270521988F4100E23A0A /* Base */ = {isa = PBXFileReference; lastKnownFileType = file.storyboard; name = Base; path = Base.lproj/LaunchScreen.storyboard; sourceTree = "<group>"; };
		F3CF270721988F4100E23A0A /* Info.plist */ = {isa = PBXFileReference; lastKnownFileType = text.plist.xml; path = Info.plist; sourceTree = "<group>"; };
		F3CF270C21988F4100E23A0A /* PoloniexTickerTests.xctest */ = {isa = PBXFileReference; explicitFileType = wrapper.cfbundle; includeInIndex = 0; path = PoloniexTickerTests.xctest; sourceTree = BUILT_PRODUCTS_DIR; };
		F3CF271021988F4100E23A0A /* PoloniexTickerTests.swift */ = {isa = PBXFileReference; lastKnownFileType = sourcecode.swift; path = PoloniexTickerTests.swift; sourceTree = "<group>"; };
		F3CF271221988F4100E23A0A /* Info.plist */ = {isa = PBXFileReference; lastKnownFileType = text.plist.xml; path = Info.plist; sourceTree = "<group>"; };
		F3CF271721988F4100E23A0A /* PoloniexTickerUITests.xctest */ = {isa = PBXFileReference; explicitFileType = wrapper.cfbundle; includeInIndex = 0; path = PoloniexTickerUITests.xctest; sourceTree = BUILT_PRODUCTS_DIR; };
		F3CF271B21988F4100E23A0A /* PoloniexTickerUITests.swift */ = {isa = PBXFileReference; lastKnownFileType = sourcecode.swift; path = PoloniexTickerUITests.swift; sourceTree = "<group>"; };
		F3CF271D21988F4100E23A0A /* Info.plist */ = {isa = PBXFileReference; lastKnownFileType = text.plist.xml; path = Info.plist; sourceTree = "<group>"; };
		F3CF272D2198A18200E23A0A /* Tick.swift */ = {isa = PBXFileReference; lastKnownFileType = sourcecode.swift; path = Tick.swift; sourceTree = "<group>"; };
		F3CF272F2199C56E00E23A0A /* ATNCurrencyHelper.swift */ = {isa = PBXFileReference; fileEncoding = 4; lastKnownFileType = sourcecode.swift; path = ATNCurrencyHelper.swift; sourceTree = "<group>"; };
		F3CF27322199C57600E23A0A /* ATNTickerTableViewCell.swift */ = {isa = PBXFileReference; fileEncoding = 4; lastKnownFileType = sourcecode.swift; path = ATNTickerTableViewCell.swift; sourceTree = "<group>"; };
		F3CF27342199C59300E23A0A /* ATNBitPoloniexService.swift */ = {isa = PBXFileReference; fileEncoding = 4; lastKnownFileType = sourcecode.swift; path = ATNBitPoloniexService.swift; sourceTree = "<group>"; };
		F3CF27372199C5CB00E23A0A /* ATNHomeViewController.swift */ = {isa = PBXFileReference; fileEncoding = 4; lastKnownFileType = sourcecode.swift; path = ATNHomeViewController.swift; sourceTree = "<group>"; };
		F3CF273A2199D61000E23A0A /* ATNTheme.swift */ = {isa = PBXFileReference; lastKnownFileType = sourcecode.swift; path = ATNTheme.swift; sourceTree = "<group>"; };
/* End PBXFileReference section */

/* Begin PBXFrameworksBuildPhase section */
		F3CF26F221988F3D00E23A0A /* Frameworks */ = {
			isa = PBXFrameworksBuildPhase;
			buildActionMask = 2147483647;
			files = (
				F34B031A219A02CD002760AD /* AuthenticationServices.framework in Frameworks */,
				06656A6A4AF403C257E95F08 /* Pods_PoloniexTicker.framework in Frameworks */,
			);
			runOnlyForDeploymentPostprocessing = 0;
		};
		F3CF270921988F4100E23A0A /* Frameworks */ = {
			isa = PBXFrameworksBuildPhase;
			buildActionMask = 2147483647;
			files = (
				294BDBBDA23DBCEA6563D297 /* Pods_PoloniexTickerTests.framework in Frameworks */,
			);
			runOnlyForDeploymentPostprocessing = 0;
		};
		F3CF271421988F4100E23A0A /* Frameworks */ = {
			isa = PBXFrameworksBuildPhase;
			buildActionMask = 2147483647;
			files = (
				AE2D75A9709BEE35243F8B59 /* Pods_PoloniexTickerUITests.framework in Frameworks */,
			);
			runOnlyForDeploymentPostprocessing = 0;
		};
/* End PBXFrameworksBuildPhase section */

/* Begin PBXGroup section */
		A9E19999CF48B39C986E5C1B /* Frameworks */ = {
			isa = PBXGroup;
			children = (
				F34B0319219A02CD002760AD /* AuthenticationServices.framework */,
				605F2B120358510214A050E8 /* Pods_PoloniexTicker.framework */,
				EE8D967B4DBE77DA1C687EB9 /* Pods_PoloniexTickerTests.framework */,
				765F5C24A0C634DC10D03BCB /* Pods_PoloniexTickerUITests.framework */,
			);
			name = Frameworks;
			sourceTree = "<group>";
		};
		D87F0F5DB734BCD9C59FAF12 /* Pods */ = {
			isa = PBXGroup;
			children = (
				046317D359E6817AE3055D25 /* Pods-PoloniexTicker.debug.xcconfig */,
				BB43CECCDF22B38C2B6AA1E6 /* Pods-PoloniexTicker.release.xcconfig */,
				5A722FFDB9E06E365257A299 /* Pods-PoloniexTickerTests.debug.xcconfig */,
				5538E0E11362C6A6C85CDB49 /* Pods-PoloniexTickerTests.release.xcconfig */,
				398B857DA46A35DA71DB8FBA /* Pods-PoloniexTickerUITests.debug.xcconfig */,
				0885B608DA233F0512D1CB0D /* Pods-PoloniexTickerUITests.release.xcconfig */,
			);
			name = Pods;
			sourceTree = "<group>";
		};
		F3CF26EC21988F3D00E23A0A = {
			isa = PBXGroup;
			children = (
				F3CF26F721988F3D00E23A0A /* PoloniexTicker */,
				F3CF270F21988F4100E23A0A /* PoloniexTickerTests */,
				F3CF271A21988F4100E23A0A /* PoloniexTickerUITests */,
				F3CF26F621988F3D00E23A0A /* Products */,
				D87F0F5DB734BCD9C59FAF12 /* Pods */,
				A9E19999CF48B39C986E5C1B /* Frameworks */,
			);
			sourceTree = "<group>";
		};
		F3CF26F621988F3D00E23A0A /* Products */ = {
			isa = PBXGroup;
			children = (
				F3CF26F521988F3D00E23A0A /* PoloniexTicker.app */,
				F3CF270C21988F4100E23A0A /* PoloniexTickerTests.xctest */,
				F3CF271721988F4100E23A0A /* PoloniexTickerUITests.xctest */,
			);
			name = Products;
			sourceTree = "<group>";
		};
		F3CF26F721988F3D00E23A0A /* PoloniexTicker */ = {
			isa = PBXGroup;
			children = (
				F34B0318219A025B002760AD /* PoloniexTicker.entitlements */,
				F3CF27392199D5DF00E23A0A /* Themes */,
				F3CF27312199C57600E23A0A /* CustomViews */,
				F3CF272C2198A17300E23A0A /* Model */,
				F3CF27292198969B00E23A0A /* API */,
				F3CF27362199C5AE00E23A0A /* ViewController */,
				F3CF26FC21988F3D00E23A0A /* Main.storyboard */,
				F3CF270221988F4100E23A0A /* Assets.xcassets */,
				F3CF270421988F4100E23A0A /* LaunchScreen.storyboard */,
				F3CF270721988F4100E23A0A /* Info.plist */,
				F3CF26FF21988F3D00E23A0A /* PoloniexTicker.xcdatamodeld */,
				F3CF26F821988F3D00E23A0A /* AppDelegate.swift */,
			);
			path = PoloniexTicker;
			sourceTree = "<group>";
		};
		F3CF270F21988F4100E23A0A /* PoloniexTickerTests */ = {
			isa = PBXGroup;
			children = (
				F3CF271021988F4100E23A0A /* PoloniexTickerTests.swift */,
				F3CF271221988F4100E23A0A /* Info.plist */,
			);
			path = PoloniexTickerTests;
			sourceTree = "<group>";
		};
		F3CF271A21988F4100E23A0A /* PoloniexTickerUITests */ = {
			isa = PBXGroup;
			children = (
				F3CF271B21988F4100E23A0A /* PoloniexTickerUITests.swift */,
				F3CF271D21988F4100E23A0A /* Info.plist */,
			);
			path = PoloniexTickerUITests;
			sourceTree = "<group>";
		};
		F3CF27292198969B00E23A0A /* API */ = {
			isa = PBXGroup;
			children = (
				F3CF27342199C59300E23A0A /* ATNBitPoloniexService.swift */,
			);
			path = API;
			sourceTree = "<group>";
		};
		F3CF272C2198A17300E23A0A /* Model */ = {
			isa = PBXGroup;
			children = (
				F3CF272F2199C56E00E23A0A /* ATNCurrencyHelper.swift */,
				F3CF272D2198A18200E23A0A /* Tick.swift */,
			);
			path = Model;
			sourceTree = "<group>";
		};
		F3CF27312199C57600E23A0A /* CustomViews */ = {
			isa = PBXGroup;
			children = (
				F3CF27322199C57600E23A0A /* ATNTickerTableViewCell.swift */,
			);
			path = CustomViews;
			sourceTree = "<group>";
		};
		F3CF27362199C5AE00E23A0A /* ViewController */ = {
			isa = PBXGroup;
			children = (
				F3CF27372199C5CB00E23A0A /* ATNHomeViewController.swift */,
				F3CF26FA21988F3D00E23A0A /* ATNLoginViewController.swift */,
				F34B03162199F342002760AD /* ATNRegistrationViewController.swift */,
			);
			path = ViewController;
			sourceTree = "<group>";
		};
		F3CF27392199D5DF00E23A0A /* Themes */ = {
			isa = PBXGroup;
			children = (
				F3CF273A2199D61000E23A0A /* ATNTheme.swift */,
			);
			path = Themes;
			sourceTree = "<group>";
		};
/* End PBXGroup section */

/* Begin PBXNativeTarget section */
		F3CF26F421988F3D00E23A0A /* PoloniexTicker */ = {
			isa = PBXNativeTarget;
			buildConfigurationList = F3CF272021988F4100E23A0A /* Build configuration list for PBXNativeTarget "PoloniexTicker" */;
			buildPhases = (
				2AB6F19B403CECF454E4CECD /* [CP] Check Pods Manifest.lock */,
				F3CF26F121988F3D00E23A0A /* Sources */,
				F3CF26F221988F3D00E23A0A /* Frameworks */,
				F3CF26F321988F3D00E23A0A /* Resources */,
				C133046B4B7FE7AD9138CC4C /* [CP] Embed Pods Frameworks */,
				1F667D594A3614B976CAB72A /* [CP] Copy Pods Resources */,
			);
			buildRules = (
			);
			dependencies = (
			);
			name = PoloniexTicker;
			productName = PoloniexTicker;
			productReference = F3CF26F521988F3D00E23A0A /* PoloniexTicker.app */;
			productType = "com.apple.product-type.application";
		};
		F3CF270B21988F4100E23A0A /* PoloniexTickerTests */ = {
			isa = PBXNativeTarget;
			buildConfigurationList = F3CF272321988F4100E23A0A /* Build configuration list for PBXNativeTarget "PoloniexTickerTests" */;
			buildPhases = (
				797154211A835C5CD5875FEE /* [CP] Check Pods Manifest.lock */,
				F3CF270821988F4100E23A0A /* Sources */,
				F3CF270921988F4100E23A0A /* Frameworks */,
				F3CF270A21988F4100E23A0A /* Resources */,
				E57D55D116AEC935D7F17F44 /* [CP] Embed Pods Frameworks */,
				4AA390D3F335F7A81C09F463 /* [CP] Copy Pods Resources */,
			);
			buildRules = (
			);
			dependencies = (
				F3CF270E21988F4100E23A0A /* PBXTargetDependency */,
			);
			name = PoloniexTickerTests;
			productName = PoloniexTickerTests;
			productReference = F3CF270C21988F4100E23A0A /* PoloniexTickerTests.xctest */;
			productType = "com.apple.product-type.bundle.unit-test";
		};
		F3CF271621988F4100E23A0A /* PoloniexTickerUITests */ = {
			isa = PBXNativeTarget;
			buildConfigurationList = F3CF272621988F4100E23A0A /* Build configuration list for PBXNativeTarget "PoloniexTickerUITests" */;
			buildPhases = (
				5DB6C1F33913F182E3718765 /* [CP] Check Pods Manifest.lock */,
				F3CF271321988F4100E23A0A /* Sources */,
				F3CF271421988F4100E23A0A /* Frameworks */,
				F3CF271521988F4100E23A0A /* Resources */,
				7DFD518E979CB0F18CD48AAB /* [CP] Embed Pods Frameworks */,
				46A5A9E14CAC9EB4C35FE8A1 /* [CP] Copy Pods Resources */,
			);
			buildRules = (
			);
			dependencies = (
				F3CF271921988F4100E23A0A /* PBXTargetDependency */,
			);
			name = PoloniexTickerUITests;
			productName = PoloniexTickerUITests;
			productReference = F3CF271721988F4100E23A0A /* PoloniexTickerUITests.xctest */;
			productType = "com.apple.product-type.bundle.ui-testing";
		};
/* End PBXNativeTarget section */

/* Begin PBXProject section */
		F3CF26ED21988F3D00E23A0A /* Project object */ = {
			isa = PBXProject;
			attributes = {
				LastSwiftUpdateCheck = 1010;
				LastUpgradeCheck = 1010;
				ORGANIZATIONNAME = "Ahmed T.Nabarawy";
				TargetAttributes = {
					F3CF26F421988F3D00E23A0A = {
						CreatedOnToolsVersion = 10.1;
						SystemCapabilities = {
							com.apple.AutoFillCredentialProvider = {
								enabled = 1;
							};
							com.apple.SafariKeychain = {
								enabled = 1;
							};
						};
					};
					F3CF270B21988F4100E23A0A = {
						CreatedOnToolsVersion = 10.1;
						TestTargetID = F3CF26F421988F3D00E23A0A;
					};
					F3CF271621988F4100E23A0A = {
						CreatedOnToolsVersion = 10.1;
						TestTargetID = F3CF26F421988F3D00E23A0A;
					};
				};
			};
			buildConfigurationList = F3CF26F021988F3D00E23A0A /* Build configuration list for PBXProject "PoloniexTicker" */;
			compatibilityVersion = "Xcode 9.3";
			developmentRegion = en;
			hasScannedForEncodings = 0;
			knownRegions = (
				en,
				Base,
			);
			mainGroup = F3CF26EC21988F3D00E23A0A;
			productRefGroup = F3CF26F621988F3D00E23A0A /* Products */;
			projectDirPath = "";
			projectRoot = "";
			targets = (
				F3CF26F421988F3D00E23A0A /* PoloniexTicker */,
				F3CF270B21988F4100E23A0A /* PoloniexTickerTests */,
				F3CF271621988F4100E23A0A /* PoloniexTickerUITests */,
			);
		};
/* End PBXProject section */

/* Begin PBXResourcesBuildPhase section */
		F3CF26F321988F3D00E23A0A /* Resources */ = {
			isa = PBXResourcesBuildPhase;
			buildActionMask = 2147483647;
			files = (
				F3CF270621988F4100E23A0A /* LaunchScreen.storyboard in Resources */,
				F3CF270321988F4100E23A0A /* Assets.xcassets in Resources */,
				F3CF26FE21988F3D00E23A0A /* Main.storyboard in Resources */,
			);
			runOnlyForDeploymentPostprocessing = 0;
		};
		F3CF270A21988F4100E23A0A /* Resources */ = {
			isa = PBXResourcesBuildPhase;
			buildActionMask = 2147483647;
			files = (
			);
			runOnlyForDeploymentPostprocessing = 0;
		};
		F3CF271521988F4100E23A0A /* Resources */ = {
			isa = PBXResourcesBuildPhase;
			buildActionMask = 2147483647;
			files = (
			);
			runOnlyForDeploymentPostprocessing = 0;
		};
/* End PBXResourcesBuildPhase section */

/* Begin PBXShellScriptBuildPhase section */
		1F667D594A3614B976CAB72A /* [CP] Copy Pods Resources */ = {
			isa = PBXShellScriptBuildPhase;
			buildActionMask = 2147483647;
			files = (
			);
			inputPaths = (
			);
			name = "[CP] Copy Pods Resources";
			outputPaths = (
			);
			runOnlyForDeploymentPostprocessing = 0;
			shellPath = /bin/sh;
			shellScript = "\"${SRCROOT}/Pods/Target Support Files/Pods-PoloniexTicker/Pods-PoloniexTicker-resources.sh\"\n";
			showEnvVarsInLog = 0;
		};
		2AB6F19B403CECF454E4CECD /* [CP] Check Pods Manifest.lock */ = {
			isa = PBXShellScriptBuildPhase;
			buildActionMask = 2147483647;
			files = (
			);
			inputPaths = (
				"${PODS_PODFILE_DIR_PATH}/Podfile.lock",
				"${PODS_ROOT}/Manifest.lock",
			);
			name = "[CP] Check Pods Manifest.lock";
			outputPaths = (
				"$(DERIVED_FILE_DIR)/Pods-PoloniexTicker-checkManifestLockResult.txt",
			);
			runOnlyForDeploymentPostprocessing = 0;
			shellPath = /bin/sh;
			shellScript = "diff \"${PODS_PODFILE_DIR_PATH}/Podfile.lock\" \"${PODS_ROOT}/Manifest.lock\" > /dev/null\nif [ $? != 0 ] ; then\n    # print error to STDERR\n    echo \"error: The sandbox is not in sync with the Podfile.lock. Run 'pod install' or update your CocoaPods installation.\" >&2\n    exit 1\nfi\n# This output is used by Xcode 'outputs' to avoid re-running this script phase.\necho \"SUCCESS\" > \"${SCRIPT_OUTPUT_FILE_0}\"\n";
			showEnvVarsInLog = 0;
		};
		46A5A9E14CAC9EB4C35FE8A1 /* [CP] Copy Pods Resources */ = {
			isa = PBXShellScriptBuildPhase;
			buildActionMask = 2147483647;
			files = (
			);
			inputPaths = (
			);
			name = "[CP] Copy Pods Resources";
			outputPaths = (
			);
			runOnlyForDeploymentPostprocessing = 0;
			shellPath = /bin/sh;
			shellScript = "\"${SRCROOT}/Pods/Target Support Files/Pods-PoloniexTickerUITests/Pods-PoloniexTickerUITests-resources.sh\"\n";
			showEnvVarsInLog = 0;
		};
		4AA390D3F335F7A81C09F463 /* [CP] Copy Pods Resources */ = {
			isa = PBXShellScriptBuildPhase;
			buildActionMask = 2147483647;
			files = (
			);
			inputPaths = (
			);
			name = "[CP] Copy Pods Resources";
			outputPaths = (
			);
			runOnlyForDeploymentPostprocessing = 0;
			shellPath = /bin/sh;
			shellScript = "\"${SRCROOT}/Pods/Target Support Files/Pods-PoloniexTickerTests/Pods-PoloniexTickerTests-resources.sh\"\n";
			showEnvVarsInLog = 0;
		};
		5DB6C1F33913F182E3718765 /* [CP] Check Pods Manifest.lock */ = {
			isa = PBXShellScriptBuildPhase;
			buildActionMask = 2147483647;
			files = (
			);
			inputPaths = (
				"${PODS_PODFILE_DIR_PATH}/Podfile.lock",
				"${PODS_ROOT}/Manifest.lock",
			);
			name = "[CP] Check Pods Manifest.lock";
			outputPaths = (
				"$(DERIVED_FILE_DIR)/Pods-PoloniexTickerUITests-checkManifestLockResult.txt",
			);
			runOnlyForDeploymentPostprocessing = 0;
			shellPath = /bin/sh;
			shellScript = "diff \"${PODS_PODFILE_DIR_PATH}/Podfile.lock\" \"${PODS_ROOT}/Manifest.lock\" > /dev/null\nif [ $? != 0 ] ; then\n    # print error to STDERR\n    echo \"error: The sandbox is not in sync with the Podfile.lock. Run 'pod install' or update your CocoaPods installation.\" >&2\n    exit 1\nfi\n# This output is used by Xcode 'outputs' to avoid re-running this script phase.\necho \"SUCCESS\" > \"${SCRIPT_OUTPUT_FILE_0}\"\n";
			showEnvVarsInLog = 0;
		};
		797154211A835C5CD5875FEE /* [CP] Check Pods Manifest.lock */ = {
			isa = PBXShellScriptBuildPhase;
			buildActionMask = 2147483647;
			files = (
			);
			inputPaths = (
				"${PODS_PODFILE_DIR_PATH}/Podfile.lock",
				"${PODS_ROOT}/Manifest.lock",
			);
			name = "[CP] Check Pods Manifest.lock";
			outputPaths = (
				"$(DERIVED_FILE_DIR)/Pods-PoloniexTickerTests-checkManifestLockResult.txt",
			);
			runOnlyForDeploymentPostprocessing = 0;
			shellPath = /bin/sh;
			shellScript = "diff \"${PODS_PODFILE_DIR_PATH}/Podfile.lock\" \"${PODS_ROOT}/Manifest.lock\" > /dev/null\nif [ $? != 0 ] ; then\n    # print error to STDERR\n    echo \"error: The sandbox is not in sync with the Podfile.lock. Run 'pod install' or update your CocoaPods installation.\" >&2\n    exit 1\nfi\n# This output is used by Xcode 'outputs' to avoid re-running this script phase.\necho \"SUCCESS\" > \"${SCRIPT_OUTPUT_FILE_0}\"\n";
			showEnvVarsInLog = 0;
		};
		7DFD518E979CB0F18CD48AAB /* [CP] Embed Pods Frameworks */ = {
			isa = PBXShellScriptBuildPhase;
			buildActionMask = 2147483647;
			files = (
			);
			inputPaths = (
			);
			name = "[CP] Embed Pods Frameworks";
			outputPaths = (
			);
			runOnlyForDeploymentPostprocessing = 0;
			shellPath = /bin/sh;
			shellScript = "\"${SRCROOT}/Pods/Target Support Files/Pods-PoloniexTickerUITests/Pods-PoloniexTickerUITests-frameworks.sh\"\n";
			showEnvVarsInLog = 0;
		};
		C133046B4B7FE7AD9138CC4C /* [CP] Embed Pods Frameworks */ = {
			isa = PBXShellScriptBuildPhase;
			buildActionMask = 2147483647;
			files = (
			);
			inputPaths = (
				"${SRCROOT}/Pods/Target Support Files/Pods-PoloniexTicker/Pods-PoloniexTicker-frameworks.sh",
				"${BUILT_PRODUCTS_DIR}/KeychainAccess/KeychainAccess.framework",
				"${BUILT_PRODUCTS_DIR}/Starscream/Starscream.framework",
			);
			name = "[CP] Embed Pods Frameworks";
			outputPaths = (
				"${TARGET_BUILD_DIR}/${FRAMEWORKS_FOLDER_PATH}/KeychainAccess.framework",
				"${TARGET_BUILD_DIR}/${FRAMEWORKS_FOLDER_PATH}/Starscream.framework",
			);
			runOnlyForDeploymentPostprocessing = 0;
			shellPath = /bin/sh;
			shellScript = "\"${SRCROOT}/Pods/Target Support Files/Pods-PoloniexTicker/Pods-PoloniexTicker-frameworks.sh\"\n";
			showEnvVarsInLog = 0;
		};
		E57D55D116AEC935D7F17F44 /* [CP] Embed Pods Frameworks */ = {
			isa = PBXShellScriptBuildPhase;
			buildActionMask = 2147483647;
			files = (
			);
			inputPaths = (
			);
			name = "[CP] Embed Pods Frameworks";
			outputPaths = (
			);
			runOnlyForDeploymentPostprocessing = 0;
			shellPath = /bin/sh;
			shellScript = "\"${SRCROOT}/Pods/Target Support Files/Pods-PoloniexTickerTests/Pods-PoloniexTickerTests-frameworks.sh\"\n";
			showEnvVarsInLog = 0;
		};
/* End PBXShellScriptBuildPhase section */

/* Begin PBXSourcesBuildPhase section */
		F3CF26F121988F3D00E23A0A /* Sources */ = {
			isa = PBXSourcesBuildPhase;
			buildActionMask = 2147483647;
			files = (
				F3CF270121988F3D00E23A0A /* PoloniexTicker.xcdatamodeld in Sources */,
				F34B03172199F342002760AD /* ATNRegistrationViewController.swift in Sources */,
				F3CF273B2199D61000E23A0A /* ATNTheme.swift in Sources */,
				F3CF26FB21988F3D00E23A0A /* ATNLoginViewController.swift in Sources */,
				F3CF272E2198A18200E23A0A /* Tick.swift in Sources */,
				F3CF27382199C5CB00E23A0A /* ATNHomeViewController.swift in Sources */,
				F3CF27332199C57600E23A0A /* ATNTickerTableViewCell.swift in Sources */,
				F3CF27352199C59300E23A0A /* ATNBitPoloniexService.swift in Sources */,
				F3CF27302199C56E00E23A0A /* ATNCurrencyHelper.swift in Sources */,
				F3CF26F921988F3D00E23A0A /* AppDelegate.swift in Sources */,
			);
			runOnlyForDeploymentPostprocessing = 0;
		};
		F3CF270821988F4100E23A0A /* Sources */ = {
			isa = PBXSourcesBuildPhase;
			buildActionMask = 2147483647;
			files = (
				F3CF271121988F4100E23A0A /* PoloniexTickerTests.swift in Sources */,
			);
			runOnlyForDeploymentPostprocessing = 0;
		};
		F3CF271321988F4100E23A0A /* Sources */ = {
			isa = PBXSourcesBuildPhase;
			buildActionMask = 2147483647;
			files = (
				F3CF271C21988F4100E23A0A /* PoloniexTickerUITests.swift in Sources */,
			);
			runOnlyForDeploymentPostprocessing = 0;
		};
/* End PBXSourcesBuildPhase section */

/* Begin PBXTargetDependency section */
		F3CF270E21988F4100E23A0A /* PBXTargetDependency */ = {
			isa = PBXTargetDependency;
			target = F3CF26F421988F3D00E23A0A /* PoloniexTicker */;
			targetProxy = F3CF270D21988F4100E23A0A /* PBXContainerItemProxy */;
		};
		F3CF271921988F4100E23A0A /* PBXTargetDependency */ = {
			isa = PBXTargetDependency;
			target = F3CF26F421988F3D00E23A0A /* PoloniexTicker */;
			targetProxy = F3CF271821988F4100E23A0A /* PBXContainerItemProxy */;
		};
/* End PBXTargetDependency section */

/* Begin PBXVariantGroup section */
		F3CF26FC21988F3D00E23A0A /* Main.storyboard */ = {
			isa = PBXVariantGroup;
			children = (
				F3CF26FD21988F3D00E23A0A /* Base */,
			);
			name = Main.storyboard;
			sourceTree = "<group>";
		};
		F3CF270421988F4100E23A0A /* LaunchScreen.storyboard */ = {
			isa = PBXVariantGroup;
			children = (
				F3CF270521988F4100E23A0A /* Base */,
			);
			name = LaunchScreen.storyboard;
			sourceTree = "<group>";
		};
/* End PBXVariantGroup section */

/* Begin XCBuildConfiguration section */
		F3CF271E21988F4100E23A0A /* Debug */ = {
			isa = XCBuildConfiguration;
			buildSettings = {
				ALWAYS_SEARCH_USER_PATHS = NO;
				CLANG_ANALYZER_NONNULL = YES;
				CLANG_ANALYZER_NUMBER_OBJECT_CONVERSION = YES_AGGRESSIVE;
				CLANG_CXX_LANGUAGE_STANDARD = "gnu++14";
				CLANG_CXX_LIBRARY = "libc++";
				CLANG_ENABLE_MODULES = YES;
				CLANG_ENABLE_OBJC_ARC = YES;
				CLANG_ENABLE_OBJC_WEAK = YES;
				CLANG_WARN_BLOCK_CAPTURE_AUTORELEASING = YES;
				CLANG_WARN_BOOL_CONVERSION = YES;
				CLANG_WARN_COMMA = YES;
				CLANG_WARN_CONSTANT_CONVERSION = YES;
				CLANG_WARN_DEPRECATED_OBJC_IMPLEMENTATIONS = YES;
				CLANG_WARN_DIRECT_OBJC_ISA_USAGE = YES_ERROR;
				CLANG_WARN_DOCUMENTATION_COMMENTS = YES;
				CLANG_WARN_EMPTY_BODY = YES;
				CLANG_WARN_ENUM_CONVERSION = YES;
				CLANG_WARN_INFINITE_RECURSION = YES;
				CLANG_WARN_INT_CONVERSION = YES;
				CLANG_WARN_NON_LITERAL_NULL_CONVERSION = YES;
				CLANG_WARN_OBJC_IMPLICIT_RETAIN_SELF = YES;
				CLANG_WARN_OBJC_LITERAL_CONVERSION = YES;
				CLANG_WARN_OBJC_ROOT_CLASS = YES_ERROR;
				CLANG_WARN_RANGE_LOOP_ANALYSIS = YES;
				CLANG_WARN_STRICT_PROTOTYPES = YES;
				CLANG_WARN_SUSPICIOUS_MOVE = YES;
				CLANG_WARN_UNGUARDED_AVAILABILITY = YES_AGGRESSIVE;
				CLANG_WARN_UNREACHABLE_CODE = YES;
				CLANG_WARN__DUPLICATE_METHOD_MATCH = YES;
				CODE_SIGN_IDENTITY = "iPhone Developer";
				COPY_PHASE_STRIP = NO;
				DEBUG_INFORMATION_FORMAT = dwarf;
				ENABLE_STRICT_OBJC_MSGSEND = YES;
				ENABLE_TESTABILITY = YES;
				GCC_C_LANGUAGE_STANDARD = gnu11;
				GCC_DYNAMIC_NO_PIC = NO;
				GCC_NO_COMMON_BLOCKS = YES;
				GCC_OPTIMIZATION_LEVEL = 0;
				GCC_PREPROCESSOR_DEFINITIONS = (
					"DEBUG=1",
					"$(inherited)",
				);
				GCC_WARN_64_TO_32_BIT_CONVERSION = YES;
				GCC_WARN_ABOUT_RETURN_TYPE = YES_ERROR;
				GCC_WARN_UNDECLARED_SELECTOR = YES;
				GCC_WARN_UNINITIALIZED_AUTOS = YES_AGGRESSIVE;
				GCC_WARN_UNUSED_FUNCTION = YES;
				GCC_WARN_UNUSED_VARIABLE = YES;
				IPHONEOS_DEPLOYMENT_TARGET = 12.1;
				MTL_ENABLE_DEBUG_INFO = INCLUDE_SOURCE;
				MTL_FAST_MATH = YES;
				ONLY_ACTIVE_ARCH = YES;
				SDKROOT = iphoneos;
				SWIFT_ACTIVE_COMPILATION_CONDITIONS = DEBUG;
				SWIFT_OPTIMIZATION_LEVEL = "-Onone";
			};
			name = Debug;
		};
		F3CF271F21988F4100E23A0A /* Release */ = {
			isa = XCBuildConfiguration;
			buildSettings = {
				ALWAYS_SEARCH_USER_PATHS = NO;
				CLANG_ANALYZER_NONNULL = YES;
				CLANG_ANALYZER_NUMBER_OBJECT_CONVERSION = YES_AGGRESSIVE;
				CLANG_CXX_LANGUAGE_STANDARD = "gnu++14";
				CLANG_CXX_LIBRARY = "libc++";
				CLANG_ENABLE_MODULES = YES;
				CLANG_ENABLE_OBJC_ARC = YES;
				CLANG_ENABLE_OBJC_WEAK = YES;
				CLANG_WARN_BLOCK_CAPTURE_AUTORELEASING = YES;
				CLANG_WARN_BOOL_CONVERSION = YES;
				CLANG_WARN_COMMA = YES;
				CLANG_WARN_CONSTANT_CONVERSION = YES;
				CLANG_WARN_DEPRECATED_OBJC_IMPLEMENTATIONS = YES;
				CLANG_WARN_DIRECT_OBJC_ISA_USAGE = YES_ERROR;
				CLANG_WARN_DOCUMENTATION_COMMENTS = YES;
				CLANG_WARN_EMPTY_BODY = YES;
				CLANG_WARN_ENUM_CONVERSION = YES;
				CLANG_WARN_INFINITE_RECURSION = YES;
				CLANG_WARN_INT_CONVERSION = YES;
				CLANG_WARN_NON_LITERAL_NULL_CONVERSION = YES;
				CLANG_WARN_OBJC_IMPLICIT_RETAIN_SELF = YES;
				CLANG_WARN_OBJC_LITERAL_CONVERSION = YES;
				CLANG_WARN_OBJC_ROOT_CLASS = YES_ERROR;
				CLANG_WARN_RANGE_LOOP_ANALYSIS = YES;
				CLANG_WARN_STRICT_PROTOTYPES = YES;
				CLANG_WARN_SUSPICIOUS_MOVE = YES;
				CLANG_WARN_UNGUARDED_AVAILABILITY = YES_AGGRESSIVE;
				CLANG_WARN_UNREACHABLE_CODE = YES;
				CLANG_WARN__DUPLICATE_METHOD_MATCH = YES;
				CODE_SIGN_IDENTITY = "iPhone Developer";
				COPY_PHASE_STRIP = NO;
				DEBUG_INFORMATION_FORMAT = "dwarf-with-dsym";
				ENABLE_NS_ASSERTIONS = NO;
				ENABLE_STRICT_OBJC_MSGSEND = YES;
				GCC_C_LANGUAGE_STANDARD = gnu11;
				GCC_NO_COMMON_BLOCKS = YES;
				GCC_WARN_64_TO_32_BIT_CONVERSION = YES;
				GCC_WARN_ABOUT_RETURN_TYPE = YES_ERROR;
				GCC_WARN_UNDECLARED_SELECTOR = YES;
				GCC_WARN_UNINITIALIZED_AUTOS = YES_AGGRESSIVE;
				GCC_WARN_UNUSED_FUNCTION = YES;
				GCC_WARN_UNUSED_VARIABLE = YES;
				IPHONEOS_DEPLOYMENT_TARGET = 12.1;
				MTL_ENABLE_DEBUG_INFO = NO;
				MTL_FAST_MATH = YES;
				SDKROOT = iphoneos;
				SWIFT_COMPILATION_MODE = wholemodule;
				SWIFT_OPTIMIZATION_LEVEL = "-O";
				VALIDATE_PRODUCT = YES;
			};
			name = Release;
		};
		F3CF272121988F4100E23A0A /* Debug */ = {
			isa = XCBuildConfiguration;
			baseConfigurationReference = 046317D359E6817AE3055D25 /* Pods-PoloniexTicker.debug.xcconfig */;
			buildSettings = {
				ASSETCATALOG_COMPILER_APPICON_NAME = AppIcon;
				CODE_SIGN_ENTITLEMENTS = PoloniexTicker/PoloniexTicker.entitlements;
				CODE_SIGN_STYLE = Automatic;
				DEVELOPMENT_TEAM = Z7T88Q64U2;
				INFOPLIST_FILE = PoloniexTicker/Info.plist;
				IPHONEOS_DEPLOYMENT_TARGET = 11.0;
				LD_RUNPATH_SEARCH_PATHS = (
					"$(inherited)",
					"@executable_path/Frameworks",
				);
				PRODUCT_BUNDLE_IDENTIFIER = com.inabarawy.PoloniexTicker;
				PRODUCT_NAME = "$(TARGET_NAME)";
				SWIFT_VERSION = 4.2;
				TARGETED_DEVICE_FAMILY = "1,2";
			};
			name = Debug;
		};
		F3CF272221988F4100E23A0A /* Release */ = {
			isa = XCBuildConfiguration;
			baseConfigurationReference = BB43CECCDF22B38C2B6AA1E6 /* Pods-PoloniexTicker.release.xcconfig */;
			buildSettings = {
				ASSETCATALOG_COMPILER_APPICON_NAME = AppIcon;
				CODE_SIGN_ENTITLEMENTS = PoloniexTicker/PoloniexTicker.entitlements;
				CODE_SIGN_STYLE = Automatic;
				DEVELOPMENT_TEAM = Z7T88Q64U2;
				INFOPLIST_FILE = PoloniexTicker/Info.plist;
				IPHONEOS_DEPLOYMENT_TARGET = 11.0;
				LD_RUNPATH_SEARCH_PATHS = (
					"$(inherited)",
					"@executable_path/Frameworks",
				);
				PRODUCT_BUNDLE_IDENTIFIER = com.inabarawy.PoloniexTicker;
				PRODUCT_NAME = "$(TARGET_NAME)";
				SWIFT_VERSION = 4.2;
				TARGETED_DEVICE_FAMILY = "1,2";
			};
			name = Release;
		};
		F3CF272421988F4100E23A0A /* Debug */ = {
			isa = XCBuildConfiguration;
			baseConfigurationReference = 5A722FFDB9E06E365257A299 /* Pods-PoloniexTickerTests.debug.xcconfig */;
			buildSettings = {
				ALWAYS_EMBED_SWIFT_STANDARD_LIBRARIES = YES;
				BUNDLE_LOADER = "$(TEST_HOST)";
				CODE_SIGN_STYLE = Automatic;
				DEVELOPMENT_TEAM = Z7T88Q64U2;
				INFOPLIST_FILE = PoloniexTickerTests/Info.plist;
				LD_RUNPATH_SEARCH_PATHS = (
					"$(inherited)",
					"@executable_path/Frameworks",
					"@loader_path/Frameworks",
				);
				PRODUCT_BUNDLE_IDENTIFIER = com.inabarawy.PoloniexTickerTests;
				PRODUCT_NAME = "$(TARGET_NAME)";
				SWIFT_VERSION = 4.2;
				TARGETED_DEVICE_FAMILY = "1,2";
				TEST_HOST = "$(BUILT_PRODUCTS_DIR)/PoloniexTicker.app/PoloniexTicker";
			};
			name = Debug;
		};
		F3CF272521988F4100E23A0A /* Release */ = {
			isa = XCBuildConfiguration;
			baseConfigurationReference = 5538E0E11362C6A6C85CDB49 /* Pods-PoloniexTickerTests.release.xcconfig */;
			buildSettings = {
				ALWAYS_EMBED_SWIFT_STANDARD_LIBRARIES = YES;
				BUNDLE_LOADER = "$(TEST_HOST)";
				CODE_SIGN_STYLE = Automatic;
				DEVELOPMENT_TEAM = Z7T88Q64U2;
				INFOPLIST_FILE = PoloniexTickerTests/Info.plist;
				LD_RUNPATH_SEARCH_PATHS = (
					"$(inherited)",
					"@executable_path/Frameworks",
					"@loader_path/Frameworks",
				);
				PRODUCT_BUNDLE_IDENTIFIER = com.inabarawy.PoloniexTickerTests;
				PRODUCT_NAME = "$(TARGET_NAME)";
				SWIFT_VERSION = 4.2;
				TARGETED_DEVICE_FAMILY = "1,2";
				TEST_HOST = "$(BUILT_PRODUCTS_DIR)/PoloniexTicker.app/PoloniexTicker";
			};
			name = Release;
		};
		F3CF272721988F4100E23A0A /* Debug */ = {
			isa = XCBuildConfiguration;
			baseConfigurationReference = 398B857DA46A35DA71DB8FBA /* Pods-PoloniexTickerUITests.debug.xcconfig */;
			buildSettings = {
				ALWAYS_EMBED_SWIFT_STANDARD_LIBRARIES = YES;
				CODE_SIGN_STYLE = Automatic;
				DEVELOPMENT_TEAM = Z7T88Q64U2;
				INFOPLIST_FILE = PoloniexTickerUITests/Info.plist;
				LD_RUNPATH_SEARCH_PATHS = (
					"$(inherited)",
					"@executable_path/Frameworks",
					"@loader_path/Frameworks",
				);
				PRODUCT_BUNDLE_IDENTIFIER = com.inabarawy.PoloniexTickerUITests;
				PRODUCT_NAME = "$(TARGET_NAME)";
				SWIFT_VERSION = 4.2;
				TARGETED_DEVICE_FAMILY = "1,2";
				TEST_TARGET_NAME = PoloniexTicker;
			};
			name = Debug;
		};
		F3CF272821988F4100E23A0A /* Release */ = {
			isa = XCBuildConfiguration;
			baseConfigurationReference = 0885B608DA233F0512D1CB0D /* Pods-PoloniexTickerUITests.release.xcconfig */;
			buildSettings = {
				ALWAYS_EMBED_SWIFT_STANDARD_LIBRARIES = YES;
				CODE_SIGN_STYLE = Automatic;
				DEVELOPMENT_TEAM = Z7T88Q64U2;
				INFOPLIST_FILE = PoloniexTickerUITests/Info.plist;
				LD_RUNPATH_SEARCH_PATHS = (
					"$(inherited)",
					"@executable_path/Frameworks",
					"@loader_path/Frameworks",
				);
				PRODUCT_BUNDLE_IDENTIFIER = com.inabarawy.PoloniexTickerUITests;
				PRODUCT_NAME = "$(TARGET_NAME)";
				SWIFT_VERSION = 4.2;
				TARGETED_DEVICE_FAMILY = "1,2";
				TEST_TARGET_NAME = PoloniexTicker;
			};
			name = Release;
		};
/* End XCBuildConfiguration section */

/* Begin XCConfigurationList section */
		F3CF26F021988F3D00E23A0A /* Build configuration list for PBXProject "PoloniexTicker" */ = {
			isa = XCConfigurationList;
			buildConfigurations = (
				F3CF271E21988F4100E23A0A /* Debug */,
				F3CF271F21988F4100E23A0A /* Release */,
			);
			defaultConfigurationIsVisible = 0;
			defaultConfigurationName = Release;
		};
		F3CF272021988F4100E23A0A /* Build configuration list for PBXNativeTarget "PoloniexTicker" */ = {
			isa = XCConfigurationList;
			buildConfigurations = (
				F3CF272121988F4100E23A0A /* Debug */,
				F3CF272221988F4100E23A0A /* Release */,
			);
			defaultConfigurationIsVisible = 0;
			defaultConfigurationName = Release;
		};
		F3CF272321988F4100E23A0A /* Build configuration list for PBXNativeTarget "PoloniexTickerTests" */ = {
			isa = XCConfigurationList;
			buildConfigurations = (
				F3CF272421988F4100E23A0A /* Debug */,
				F3CF272521988F4100E23A0A /* Release */,
			);
			defaultConfigurationIsVisible = 0;
			defaultConfigurationName = Release;
		};
		F3CF272621988F4100E23A0A /* Build configuration list for PBXNativeTarget "PoloniexTickerUITests" */ = {
			isa = XCConfigurationList;
			buildConfigurations = (
				F3CF272721988F4100E23A0A /* Debug */,
				F3CF272821988F4100E23A0A /* Release */,
			);
			defaultConfigurationIsVisible = 0;
			defaultConfigurationName = Release;
		};
/* End XCConfigurationList section */

/* Begin XCVersionGroup section */
		F3CF26FF21988F3D00E23A0A /* PoloniexTicker.xcdatamodeld */ = {
			isa = XCVersionGroup;
			children = (
				F3CF270021988F3D00E23A0A /* PoloniexTicker.xcdatamodel */,
			);
			currentVersion = F3CF270021988F3D00E23A0A /* PoloniexTicker.xcdatamodel */;
			path = PoloniexTicker.xcdatamodeld;
			sourceTree = "<group>";
			versionGroupType = wrapper.xcdatamodel;
		};
/* End XCVersionGroup section */
	};
	rootObject = F3CF26ED21988F3D00E23A0A /* Project object */;
}
